
Microsoft Visual Studio Solution File, Format Version 12.00
# Visual Studio 15
VisualStudioVersion = 15.0.28307.1267
MinimumVisualStudioVersion = 10.0.40219.1
Project("{FAE04EC0-301F-11D3-BF4B-00C04F79EFBC}") = "Validation", "Validation\Validation.csproj", "{64B6F74F-9D17-4FCD-A318-1804272611FB}"
EndProject
Global
	GlobalSection(SolutionConfigurationPlatforms) = preSolution
		Debug|Any CPU = Debug|Any CPU
		Release|Any CPU = Release|Any CPU
	EndGlobalSection
	GlobalSection(ProjectConfigurationPlatforms) = postSolution
		{64B6F74F-9D17-4FCD-A318-1804272611FB}.Debug|Any CPU.ActiveCfg = Debug|Any CPU
		{64B6F74F-9D17-4FCD-A318-1804272611FB}.Debug|Any CPU.Build.0 = Debug|Any CPU
		{64B6F74F-9D17-4FCD-A318-1804272611FB}.Release|Any CPU.ActiveCfg = Release|Any CPU
		{64B6F74F-9D17-4FCD-A318-1804272611FB}.Release|Any CPU.Build.0 = Release|Any CPU
	EndGlobalSection
	GlobalSection(SolutionProperties) = preSolution
		HideSolutionNode = FALSE
	EndGlobalSection
	GlobalSection(ExtensibilityGlobals) = postSolution
		SolutionGuid = {1058F880-1A69-4966-B30F-7AF629FA9CE2}
	EndGlobalSection
EndGlobal
